version = 1
revision = 3
requires-python = "==3.11.*"

[[package]]
name = "annotated-types"
version = "0.8.0"
source = { registry = "https://pypi.org/simple" }
sdist = { url = "https://files.pythonhosted.org/packages/5f/56/a8120250d128bed162cd73c76d45f6ef9991f3e068f62a8ee060afa3104a/annotated_types-0.8.0.tar.gz", hash = "sha256:13b2beaad985e05e2d6407ee4c4f35590b11f8d693a258a561055cac8f64cab7", size = 15893, upload-time = "2026-07-23T20:16:13.995Z" }
wheels = [
    { url = "https://files.pythonhosted.org/packages/99/91/8acff4f5e50511b911bbccb72b8628a49c68ce14148cd9f6431094859a90/annotated_types-0.8.0-py3-none-any.whl", hash = "sha256:f072f4d804ea359e4eaf198b1af7a8b0943881a87f31bb764f8bf219bb9419e0", size = 13427, upload-time = "2026-07-23T20:16:12.938Z" },
]

[[package]]
name = "anyio"
version = "4.14.2"
source = { registry = "https://pypi.org/simple" }
dependencies = [
    { name = "idna" },
    { name = "typing-extensions" },
]
sdist = { url = "https://files.pythonhosted.org/packages/61/cc/a381afa6efea9f496eff839d4a6a1aed3bfafc7b3ab4b0d1b243a12573dd/anyio-4.14.2.tar.gz", hash = "sha256:cfa139f3ed1a23ee8f88a145ddb5ac7605b8bbfd8592baacd7ce3d8bb4313c7f", size = 260176, upload-time = "2026-07-12T20:29:07.082Z" }
wheels = [
    { url = "https://files.pythonhosted.org/packages/da/35/f2287558c17e29fafc8ef3daf819bb9834061cfa43bff8014f7df7f63bdc/anyio-4.14.2-py3-none-any.whl", hash = "sha256:9f505dda5ac9f0c8309b5e8bd445a8c2bf7246f3ce950121e45ea15bc41d1494", size = 125813, upload-time = "2026-07-12T20:29:05.763Z" },
]

[[package]]
name = "colorama"
version = "0.4.6"
source = { registry = "https://pypi.org/simple" }
sdist = { url = "https://files.pythonhosted.org/packages/d8/53/6f443c9a4a8358a93a6792e2acffb9d9d5cb0a5cfd8802644b7b1c9a02e4/colorama-0.4.6.tar.gz", hash = "sha256:08695f5cb7ed6e0531a20572697297273c47b8cae5a63ffc6d6ed5c201be6e44", size = 27697, upload-time = "2022-10-25T02:36:22.414Z" }
wheels = [
    { url = "https://files.pythonhosted.org/packages/d1/d6/3965ed04c63042e047cb6a3e6ed1a63a35087b6a609aa3a15ed8ac56c221/colorama-0.4.6-py2.py3-none-any.whl", hash = "sha256:4f1d9991f5acc0ca119f9d443620b77f9d6b33703e51011c16baf57afb285fc6", size = 25335, upload-time = "2022-10-25T02:36:20.889Z" },
]

[[package]]
name = "disk-ann-diskannpy"
version = "0.1.0"
source = { virtual = "." }
dependencies = [
    { name = "diskannpy" },
    { name = "openai" },
    { name = "python-dotenv" },
]

[package.dev-dependencies]
dev = [
    { name = "pytest" },
]

[package.metadata]
requires-dist = [
    { name = "diskannpy", specifier = "==0.7.0" },
    { name = "openai", specifier = ">=1.60.0" },
    { name = "python-dotenv", specifier = ">=1.0.0" },
]

[package.metadata.requires-dev]
dev = [{ name = "pytest", specifier = ">=8.0.0" }]

[[package]]
name = "diskannpy"
version = "0.7.0"
source = { registry = "https://pypi.org/simple" }
dependencies = [
    { name = "numpy" },
]
wheels = [
    { url = "https://files.pythonhosted.org/packages/fa/dd/b7641e397cf84eeca7a528764942133c0c34a0a122406e9f069028c20353/diskannpy-0.7.0-cp311-cp311-manylinux_2_28_x86_64.whl", hash = "sha256:cf9af7b23453e3c20551cfc7949324d1ee309bd5a8f6aee20853084299ad837d", size = 91526623, upload-time = "2024-02-06T19:38:30.981Z" },
    { url = "https://files.pythonhosted.org/packages/9c/e4/dbb6d6390d1567a45276f195b9bead4a5e9bad184fb634b533969d48116f/diskannpy-0.7.0-cp311-cp311-win_amd64.whl", hash = "sha256:6cae650477ae2da66092a717cfe00d6dce6e8244fbfbb8344cd97588f73590f6", size = 4773257, upload-time = "2024-02-06T19:38:35.419Z" },
]

[[package]]
name = "h11"
version = "0.16.0"
source = { registry = "https://pypi.org/simple" }
sdist = { url = "https://files.pythonhosted.org/packages/01/ee/02a2c011bdab74c6fb3c75474d40b3052059d95df7e73351460c8588d963/h11-0.16.0.tar.gz", hash = "sha256:4e35b956cf45792e4caa5885e69fba00bdbc6ffafbfa020300e549b208ee5ff1", size = 101250, upload-time = "2025-04-24T03:35:25.427Z" }
wheels = [
    { url = "https://files.pythonhosted.org/packages/04/4b/29cac41a4d98d144bf5f6d33995617b185d14b22401f75ca86f384e87ff1/h11-0.16.0-py3-none-any.whl", hash = "sha256:63cf8bbe7522de3bf65932fda1d9c2772064ffb3dae62d55932da54b31cb6c86", size = 37515, upload-time = "2025-04-24T03:35:24.344Z" },
]

[[package]]
name = "httpcore2"
version = "2.12.0"
source = { registry = "https://pypi.org/simple" }
dependencies = [
    { name = "h11" },
    { name = "truststore" },
]
sdist = { url = "https://files.pythonhosted.org/packages/be/ad/f4f0e57345f1870f3e8cb624e058d7eca6e5a27d33bcc3311d9b618734cd/httpcore2-2.12.0.tar.gz", hash = "sha256:9293522bba0aa7c4c8e9e3f040c16575bd8868e155a77fa30c7a9085a5eae648", size = 67548, upload-time = "2026-08-18T13:22:08.211Z" }
wheels = [
    { url = "https://files.pythonhosted.org/packages/d2/74/d370e55600d9bcfa0d9794b0166126d49291a3d2b20c268fc98c453a4948/httpcore2-2.12.0-py3-none-any.whl", hash = "sha256:7e04258ce01013d7d615e5b910a3b27fac937d7a95038227e79652b4ba3b4ceb", size = 83074, upload-time = "2026-08-18T13:22:05.854Z" },
]

[[package]]
name = "httpx2"
version = "2.12.0"
source = { registry = "https://pypi.org/simple" }
dependencies = [
    { name = "anyio", marker = "sys_platform != 'emscripten'" },
    { name = "httpcore2", marker = "sys_platform != 'emscripten'" },
    { name = "idna" },
    { name = "truststore", marker = "sys_platform != 'emscripten'" },
    { name = "typing-extensions" },
]
sdist = { url = "https://files.pythonhosted.org/packages/7f/f8/579a8b51e42e38ee32647df9f08aa25643ae788e275cc625b199829c4671/httpx2-2.12.0.tar.gz", hash = "sha256:7631fe9887a8a2275f4a2540e053aa670fcc50742864a9ae7c66e609fdcf12cf", size = 100040, upload-time = "2026-08-18T13:22:09.086Z" }
wheels = [
    { url = "https://files.pythonhosted.org/packages/c8/95/411ba65569158e862368917aaf56597f3e5fa3b91b0502919638465a08f3/httpx2-2.12.0-py3-none-any.whl", hash = "sha256:cc8b6eecb8661c146b8f89a60e97456ee086e91a784ed31ac450c3a9e613dd36", size = 95427, upload-time = "2026-08-18T13:22:06.834Z" },
]

[[package]]
name = "idna"
version = "3.19"
source = { registry = "https://pypi.org/simple" }
sdist = { url = "https://files.pythonhosted.org/packages/5f/f7/abb373e5757eaec4b922b92f97ec8d6d7e057cf06778247604fbc4e7c3f3/idna-3.19.tar.gz", hash = "sha256:5e0811a4383b21dc5838069f801c4fb62113b7447663d2530d2bd6e77b49bf15", size = 215237, upload-time = "2026-08-18T05:14:24.27Z" }
wheels = [
    { url = "https://files.pythonhosted.org/packages/57/b0/0e52c878c53f245edd3a11020f20979b3f490f245af532c7cae3027754b5/idna-3.19-py3-none-any.whl", hash = "sha256:815e7be7a7806d54abb586dc943addc79e8b2ee16915059658cbeff4b1b43bf4", size = 68550, upload-time = "2026-08-18T05:14:22.343Z" },
]

[[package]]
name = "iniconfig"
version = "2.3.0"
source = { registry = "https://pypi.org/simple" }
sdist = { url = "https://files.pythonhosted.org/packages/72/34/14ca021ce8e5dfedc35312d08ba8bf51fdd999c576889fc2c24cb97f4f10/iniconfig-2.3.0.tar.gz", hash = "sha256:c76315c77db068650d49c5b56314774a7804df16fee4402c1f19d6d15d8c4730", size = 20503, upload-time = "2025-10-18T21:55:43.219Z" }
wheels = [
    { url = "https://files.pythonhosted.org/packages/cb/b1/3846dd7f199d53cb17f49cba7e651e9ce294d8497c8c150530ed11865bb8/iniconfig-2.3.0-py3-none-any.whl", hash = "sha256:f631c04d2c48c52b84d0d0549c99ff3859c98df65b3101406327ecc7d53fbf12", size = 7484, upload-time = "2025-10-18T21:55:41.639Z" },
]

[[package]]
name = "jiter"
version = "0.16.0"
source = { registry = "https://pypi.org/simple" }
sdist = { url = "https://files.pythonhosted.org/packages/1d/1f/10936e16d8860c70698a1aa939a46aa0224813b782bce4e000e637da0b2d/jiter-0.16.0.tar.gz", hash = "sha256:7b24c3492c5f4f84a37946ad9cf504910cf6a782d6a4e0689b6673c5894b4a1c", size = 176431, upload-time = "2026-06-29T13:05:13.657Z" }
wheels = [
    { url = "https://files.pythonhosted.org/packages/4e/3f/fae6cc967d120ec89e31c5418a51176d8278b3087fbb384a9176754f353c/jiter-0.16.0-cp311-cp311-macosx_10_12_x86_64.whl", hash = "sha256:67fddeda1688f0cce2d2ae83ccf8a80f79936f2d2997d6cc2261f82fdb54a4d3", size = 309289, upload-time = "2026-06-29T13:02:52.301Z" },
    { url = "https://files.pythonhosted.org/packages/c8/e3/97c6c3562c077f6247d6e6ce5c82562500b6316c0d928e97e106b7a1321a/jiter-0.16.0-cp311-cp311-macosx_11_0_arm64.whl", hash = "sha256:c90c0f63df322be920eda6ce622e3083d8906ba267f8220fe7873213b8b4430e", size = 315181, upload-time = "2026-06-29T13:02:53.964Z" },
    { url = "https://files.pythonhosted.org/packages/7b/89/d8d073f8aa2667e46c6c0873f86fe4a512bba4293cc730f626a076211a62/jiter-0.16.0-cp311-cp311-manylinux_2_17_aarch64.manylinux2014_aarch64.whl", hash = "sha256:64c0203212098470032aabcde9356fc168f377aade3e43def61dfe17e92f2037", size = 340939, upload-time = "2026-06-29T13:02:55.412Z" },
    { url = "https://files.pythonhosted.org/packages/87/c9/db4fda3ed73fb864139305e935e5b8b38a5a24692a5a9dd356c22f1b9c8d/jiter-0.16.0-cp311-cp311-manylinux_2_17_armv7l.manylinux2014_armv7l.whl", hash = "sha256:12288303c9844e61e1651d02a9a6f6633e47d39f897d6991d1427161ce6b746e", size = 364932, upload-time = "2026-06-29T13:02:57.28Z" },
    { url = "https://files.pythonhosted.org/packages/a2/74/52b5e86241057f52ddd7c9a580f90effb51f9d06239f6fc612279b91a838/jiter-0.16.0-cp311-cp311-manylinux_2_17_ppc64le.manylinux2014_ppc64le.whl", hash = "sha256:5cf109d010b4b05a105afb3d43be36a21322d345ad3111e13d15f680afef0e5b", size = 461132, upload-time = "2026-06-29T13:02:58.994Z" },
    { url = "https://files.pythonhosted.org/packages/a9/87/544a700f7447c1f31c5d7833821a4daa5683165c2d5a094fbf5b5800c3dc/jiter-0.16.0-cp311-cp311-manylinux_2_17_s390x.manylinux2014_s390x.whl", hash = "sha256:62c1b7fe1f77925acf5af68b6140b8810fa87dfd4dc0a9c8568ec2fa2a10429c", size = 374857, upload-time = "2026-06-29T13:03:00.455Z" },
    { url = "https://files.pythonhosted.org/packages/40/cd/0fcc3f7d39183674d5bfa9ec640faaeb506c60be7c8f94625dfba366e37c/jiter-0.16.0-cp311-cp311-manylinux_2_17_x86_64.manylinux2014_x86_64.whl", hash = "sha256:8597d23c87f59294f83bcb6229b9ed1fccee13dbba967b46930d2f1759466fee", size = 347053, upload-time = "2026-06-29T13:03:02.045Z" },
    { url = "https://files.pythonhosted.org/packages/5c/ae/c7e64e7932ad597fa395b61440b249ada6366716e25c6e08dd2afbd021e6/jiter-0.16.0-cp311-cp311-manylinux_2_31_riscv64.whl", hash = "sha256:3126a5dbad56401989ac769aca0cb56005bfb3e2366eea0ca99d1a91c3c1ee03", size = 356153, upload-time = "2026-06-29T13:03:03.706Z" },
    { url = "https://files.pythonhosted.org/packages/d4/1c/1c719044f14da814e1a060191ab19b96f3e99207bc5b4bfc6d6be34b3f80/jiter-0.16.0-cp311-cp311-manylinux_2_5_i686.manylinux1_i686.whl", hash = "sha256:c4b4717bdb35ae456f831a6b08d01880fff399887a6bbc526a583a406e484eea", size = 393956, upload-time = "2026-06-29T13:03:05.165Z" },
    { url = "https://files.pythonhosted.org/packages/3b/dc/7b2f303a2847207e265503853a2d964a55354cffd62a5f2936c155486798/jiter-0.16.0-cp311-cp311-musllinux_1_1_aarch64.whl", hash = "sha256:adff21bc78edfe086c15eb495b900306076de378dc2337c132401fc39bd79c91", size = 521081, upload-time = "2026-06-29T13:03:06.886Z" },
    { url = "https://files.pythonhosted.org/packages/c2/5f/501cf6e1e09caeb420195179ffc6f62aca603f1220ec53fd80d0d70b3e56/jiter-0.16.0-cp311-cp311-musllinux_1_1_x86_64.whl", hash = "sha256:dab907db06fc593645e73109acf4581ba5b548897d28b9348dc41ddc8343b2d3", size = 552085, upload-time = "2026-06-29T13:03:08.339Z" },
    { url = "https://files.pythonhosted.org/packages/79/54/aa5be86520113b79455c3877f3d1f07a348098df4083ba3688e9537e52dd/jiter-0.16.0-cp311-cp311-win32.whl", hash = "sha256:560b2cf3fb03240cd34f27409a238547488708f05b7c3924f571a60422251ec7", size = 206755, upload-time = "2026-06-29T13:03:09.653Z" },
    { url = "https://files.pythonhosted.org/packages/64/ec/2feb893eb330bd69b413866f4d5daada33c3962f1c6f270c91ca2d87fdf9/jiter-0.16.0-cp311-cp311-win_amd64.whl", hash = "sha256:e431cfc9caf44c1d5459ff77d4e64cbf85fddb6a35dad836a15c6a9ec23087c1", size = 199155, upload-time = "2026-06-29T13:03:10.979Z" },
    { url = "https://files.pythonhosted.org/packages/b9/9c/ca040d94415048a3666fc237774df8151c96f8d2b661cbe3b184acc95876/jiter-0.16.0-cp311-cp311-win_arm64.whl", hash = "sha256:2a8e9e39cf083016137aa5cadafe3188adc2ba6ba1fbf1e5d18889ad3e9ad056", size = 194403, upload-time = "2026-06-29T13:03:12.341Z" },
    { url = "https://files.pythonhosted.org/packages/06/d3/8e278946d43eeca2585b4dd0834a887cd71136329b837f3a16ed86a8b4b0/jiter-0.16.0-graalpy311-graalpy242_311_native-macosx_10_12_x86_64.whl", hash = "sha256:850ccb1d7eedb4200f4014b1c0e8a577de114fc3cd88faad646dcc9bc4bb12ad", size = 304518, upload-time = "2026-06-29T13:05:00.172Z" },
    { url = "https://files.pythonhosted.org/packages/72/43/28d4ef495028bf0506a413d4db3f4eb3e7288a382e0f065f306a17bbeb5e/jiter-0.16.0-graalpy311-graalpy242_311_native-macosx_11_0_arm64.whl", hash = "sha256:e34e97bda77eb63242a410243c071e28ac7e0d8c0948c5ee658498690a4b2f2f", size = 310207, upload-time = "2026-06-29T13:05:02.123Z" },
    { url = "https://files.pythonhosted.org/packages/e0/ca/c366b1012da1d640de975d9683acd44e4d150d9068845d0ca2610435253f/jiter-0.16.0-graalpy311-graalpy242_311_native-manylinux_2_17_aarch64.manylinux2014_aarch64.whl", hash = "sha256:b7dc85ea77d4abbae8bad0d3538678aedee75bceec4e2f6c8dfb1c74772e5aa5", size = 342771, upload-time = "2026-06-29T13:05:03.55Z" },
    { url = "https://files.pythonhosted.org/packages/16/52/50cc4056fc1ae02e7154704e7ecc89df0afb8300222cfe8a52d3f67e4730/jiter-0.16.0-graalpy311-graalpy242_311_native-manylinux_2_17_x86_64.manylinux2014_x86_64.whl", hash = "sha256:17ca7fae79f6d99cd9a042b75f917eaada7b895cfc7dd2ee3a16089dcaec7a85", size = 346468, upload-time = "2026-06-29T13:05:05.452Z" },
]

[[package]]
name = "numpy"
version = "1.25.0"
source = { registry = "https://pypi.org/simple" }
sdist = { url = "https://files.pythonhosted.org/packages/d0/b2/fe774844d1857804cc884bba67bec38f649c99d0dc1ee7cbbf1da601357c/numpy-1.25.0.tar.gz", hash = "sha256:f1accae9a28dc3cda46a91de86acf69de0d1b5f4edd44a9b0c3ceb8036dfff19", size = 10426700, upload-time = "2023-06-17T14:58:46.772Z" }
wheels = [
    { url = "https://files.pythonhosted.org/packages/bb/b9/0f7a1d48d5c65c7a2cc8d5de119318a254351a0146e696855ade26615455/numpy-1.25.0-cp311-cp311-macosx_10_9_x86_64.whl", hash = "sha256:4c69fe5f05eea336b7a740e114dec995e2f927003c30702d896892403df6dbf0", size = 20041989, upload-time = "2023-06-17T14:41:30.464Z" },
    { url = "https://files.pythonhosted.org/packages/e8/bd/937ffc7345985456c963089418c4c7efdb2ca3af36624c5ea60a07d99bcf/numpy-1.25.0-cp311-cp311-macosx_11_0_arm64.whl", hash = "sha256:9c7211d7920b97aeca7b3773a6783492b5b93baba39e7c36054f6e749fc7490c", size = 13973163, upload-time = "2023-06-17T14:42:15.72Z" },
    { url = "https://files.pythonhosted.org/packages/8c/00/a65518f58b9bbba597cd757a765d7a34fea3d8fd089a8ecc7f6eb4e4f42d/numpy-1.25.0-cp311-cp311-manylinux_2_17_aarch64.manylinux2014_aarch64.whl", hash = "sha256:ecc68f11404930e9c7ecfc937aa423e1e50158317bf67ca91736a9864eae0232", size = 14123400, upload-time = "2023-06-17T14:42:38.878Z" },
    { url = "https://files.pythonhosted.org/packages/f6/ae/546c18cad7525242d87def9ee1cba2e407028044f79c023ea8b2a11397d2/numpy-1.25.0-cp311-cp311-manylinux_2_17_x86_64.manylinux2014_x86_64.whl", hash = "sha256:e559c6afbca484072a98a51b6fa466aae785cfe89b69e8b856c3191bc8872a82", size = 17602714, upload-time = "2023-06-17T14:43:23.922Z" },
    { url = "https://files.pythonhosted.org/packages/fa/9f/9023a2135a86a80369c942670ef23c2c838aee3408f982e3b9bcaf9ffe61/numpy-1.25.0-cp311-cp311-musllinux_1_1_x86_64.whl", hash = "sha256:6c284907e37f5e04d2412950960894b143a648dea3f79290757eb878b91acbd1", size = 17453872, upload-time = "2023-06-17T14:43:53.582Z" },
    { url = "https://files.pythonhosted.org/packages/ef/29/a2503fed1bb38902e789f3e73259d760911fb7b51420896716502c727aa1/numpy-1.25.0-cp311-cp311-win32.whl", hash = "sha256:95367ccd88c07af21b379be1725b5322362bb83679d36691f124a16357390153", size = 12600664, upload-time = "2023-06-17T14:44:15.956Z" },
    { url = "https://files.pythonhosted.org/packages/de/8b/b2d73b913be92056b1f77b0b9d184d93f368353540adf91e699a10a2effb/numpy-1.25.0-cp311-cp311-win_amd64.whl", hash = "sha256:b76aa836a952059d70a2788a2d98cb2a533ccd46222558b6970348939e55fc24", size = 15026783, upload-time = "2023-06-17T14:44:40.808Z" },
]

[[package]]
name = "openai"
version = "3.3.1"
source = { registry = "https://pypi.org/simple" }
dependencies = [
    { name = "anyio" },
    { name = "httpx2" },
    { name = "jiter" },
    { name = "pydantic" },
    { name = "sniffio" },
    { name = "typing-extensions" },
]
sdist = { url = "https://files.pythonhosted.org/packages/7d/9c/ba0c292b4032ede74c249ca314ad64eb1bb5a03a843f6e01facb02f80cd8/openai-3.3.1.tar.gz", hash = "sha256:6f22807de1a976c932cecda620e8172a8c3fdbaeed29c7f21564e0c2410edf56", size = 1282113, upload-time = "2026-08-19T16:31:35.006Z" }
wheels = [
    { url = "https://files.pythonhosted.org/packages/6a/db/2b7a1b3de659bb82aef979116c74e809982b13e42c057759767552b5155f/openai-3.3.1-py3-none-any.whl", hash = "sha256:9652df7fdf8ee6f5bd58e0a12f2b1d414a18e0f06bb7a9a57c8643a5f5469bd3", size = 1690337, upload-time = "2026-08-19T16:31:32.812Z" },
]

[[package]]
name = "packaging"
version = "26.3"
source = { registry = "https://pypi.org/simple" }
sdist = { url = "https://files.pythonhosted.org/packages/7d/fa/3944b40b07da9ce895c0e6303a5ab7d53da063554f534556b134a54d6093/packaging-26.3.tar.gz", hash = "sha256:94edc256424af38762eb31306eed28beb9f0efc50a8837492c9d6fd6004aed79", size = 313412, upload-time = "2026-08-04T18:15:28.737Z" }
wheels = [
    { url = "https://files.pythonhosted.org/packages/63/34/ba1c580383c9eada3711951fef0795c80b829a078d72188184bcab9dd527/packaging-26.3-py3-none-any.whl", hash = "sha256:d7193f7c8e4e93f444fde0262bf90af30e16fa0ad0ad44cb553c87339b23cd1c", size = 129956, upload-time = "2026-08-04T18:15:27.159Z" },
]

[[package]]
name = "pluggy"
version = "1.6.0"
source = { registry = "https://pypi.org/simple" }
sdist = { url = "https://files.pythonhosted.org/packages/f9/e2/3e91f31a7d2b083fe6ef3fa267035b518369d9511ffab804f839851d2779/pluggy-1.6.0.tar.gz", hash = "sha256:7dcc130b76258d33b90f61b658791dede3486c3e6bfb003ee5c9bfb396dd22f3", size = 69412, upload-time = "2025-05-15T12:30:07.975Z" }
wheels = [
    { url = "https://files.pythonhosted.org/packages/54/20/4d324d65cc6d9205fabedc306948156824eb9f0ee1633355a8f7ec5c66bf/pluggy-1.6.0-py3-none-any.whl", hash = "sha256:e920276dd6813095e9377c0bc5566d94c932c33b27a3e3945d8389c374dd4746", size = 20538, upload-time = "2025-05-15T12:30:06.134Z" },
]

[[package]]
name = "pydantic"
version = "2.13.4"
source = { registry = "https://pypi.org/simple" }
dependencies = [
    { name = "annotated-types" },
    { name = "pydantic-core" },
    { name = "typing-extensions" },
    { name = "typing-inspection" },
]
sdist = { url = "https://files.pythonhosted.org/packages/18/a5/b60d21ac674192f8ab0ba4e9fd860690f9b4a6e51ca5df118733b487d8d6/pydantic-2.13.4.tar.gz", hash = "sha256:c40756b57adaa8b1efeeced5c196f3f3b7c435f90e84ea7f443901bec8099ef6", size = 844775, upload-time = "2026-05-06T13:43:05.343Z" }
wheels = [
    { url = "https://files.pythonhosted.org/packages/fd/7b/122376b1fd3c62c1ed9dc80c931ace4844b3c55407b6fb2d199377c9736f/pydantic-2.13.4-py3-none-any.whl", hash = "sha256:45a282cde31d808236fd7ea9d919b128653c8b38b393d1c4ab335c62924d9aba", size = 472262, upload-time = "2026-05-06T13:43:02.641Z" },
]

[[package]]
name = "pydantic-core"
version = "2.46.4"
source = { registry = "https://pypi.org/simple" }
dependencies = [
    { name = "typing-extensions" },
]
sdist = { url = "https://files.pythonhosted.org/packages/9d/56/921726b776ace8d8f5db44c4ef961006580d91dc52b803c489fafd1aa249/pydantic_core-2.46.4.tar.gz", hash = "sha256:62f875393d7f270851f20523dd2e29f082bcc82292d66db2b64ea71f64b6e1c1", size = 471464, upload-time = "2026-05-06T13:37:06.98Z" }
wheels = [
    { url = "https://files.pythonhosted.org/packages/5c/fa/6d7708d2cfc1a832acb6aeb0cd16e801902df8a0f583bb3b4b527fde022e/pydantic_core-2.46.4-cp311-cp311-macosx_10_12_x86_64.whl", hash = "sha256:0e96592440881c74a213e5ad528e2b24d3d4f940de2766bed9010ab1d9e51594", size = 2111872, upload-time = "2026-05-06T13:40:27.596Z" },
    { url = "https://files.pythonhosted.org/packages/ae/6f/aa064a3e74b5745afbdf250594f38e7ead05e2d651bcb35994b9417a0d4d/pydantic_core-2.46.4-cp311-cp311-macosx_11_0_arm64.whl", hash = "sha256:e0d65b8c354be7fb5f720c3caa8bc940bc2d20ce749c8e06135f07f8ed95dd7c", size = 1948255, upload-time = "2026-05-06T13:39:12.574Z" },
    { url = "https://files.pythonhosted.org/packages/43/3a/41114a9f7569b84b4d84e7a018c57c56347dac30c0d4a872946ec4e36c46/pydantic_core-2.46.4-cp311-cp311-manylinux_2_17_aarch64.manylinux2014_aarch64.whl", hash = "sha256:7bfb192b3f4b9e8a89b6277b6ce787564f62cfd272055f6e685726b111dc7826", size = 1972827, upload-time = "2026-05-06T13:38:19.841Z" },
    { url = "https://files.pythonhosted.org/packages/ef/25/1ab42e8048fe551934d9884e8d64daa7e990ad386f310a15981aeb6a5b08/pydantic_core-2.46.4-cp311-cp311-manylinux_2_17_armv7l.manylinux2014_armv7l.whl", hash = "sha256:9037063db01f09b09e237c282b6792bd4da634b5402c4e7f0c61effed7701a04", size = 2041051, upload-time = "2026-05-06T13:38:10.447Z" },
    { url = "https://files.pythonhosted.org/packages/94/c2/1a934597ddf08da410385b3b7aae91956a5a76c635effef456074fad7e88/pydantic_core-2.46.4-cp311-cp311-manylinux_2_17_ppc64le.manylinux2014_ppc64le.whl", hash = "sha256:fc010ab034c8c7452522748bf937df58020d256ccae0874463d1f4d01758af8e", size = 2221314, upload-time = "2026-05-06T13:40:13.089Z" },
    { url = "https://files.pythonhosted.org/packages/02/6d/9e8ad178c9c4df27ad3c8f25d1fe2a7ab0d2ba0559fad4aee5d3d1f16771/pydantic_core-2.46.4-cp311-cp311-manylinux_2_17_s390x.manylinux2014_s390x.whl", hash = "sha256:8c5dac79fa1614d1e06ca695109c6105923bd9c7d1d6c918d4e637b7e6b32fd3", size = 2285146, upload-time = "2026-05-06T13:38:59.224Z" },
    { url = "https://files.pythonhosted.org/packages/80/50/540cd3aeefc041beb111125c4bff779831a2111fc6b15a9138cda277d32c/pydantic_core-2.46.4-cp311-cp311-manylinux_2_17_x86_64.manylinux2014_x86_64.whl", hash = "sha256:f9fa868638bf362d3d138ea55829cefb3d5f4b0d7f142234382a15e2485dbec4", size = 2089685, upload-time = "2026-05-06T13:38:17.762Z" },
    { url = "https://files.pythonhosted.org/packages/6b/a4/b440ad35f05f6a38f89fa0f149accb3f0e02be94ca5e15f3c449a61b4bc9/pydantic_core-2.46.4-cp311-cp311-manylinux_2_31_riscv64.whl", hash = "sha256:17299feefe090f2caa5b8e37222bb5f663e4935a8bfa6931d4102e5df1a9f398", size = 2115420, upload-time = "2026-05-06T13:37:58.195Z" },
    { url = "https://files.pythonhosted.org/packages/99/61/de4f55db8dfd57bfdfa9a12ec90fe1b57c4f41062f7ca86f08586b3e0ac0/pydantic_core-2.46.4-cp311-cp311-manylinux_2_5_i686.manylinux1_i686.whl", hash = "sha256:4c63ebc82684aa89d9a3bcbd13d515b3be44250dc68dd3bd81526c1cb31286c3", size = 2165122, upload-time = "2026-05-06T13:37:01.167Z" },
    { url = "https://files.pythonhosted.org/packages/f7/52/7c529d7bdb2d1068bd52f51fe32572c8301f9a4febf1948f10639f1436f5/pydantic_core-2.46.4-cp311-cp311-musllinux_1_1_aarch64.whl", hash = "sha256:aaa2a54443eff1950ba5ddc6b6ccda0d9c84a364276a62f969bdf2a390650848", size = 2182573, upload-time = "2026-05-06T13:38:45.04Z" },
    { url = "https://files.pythonhosted.org/packages/37/b3/7c40325848ba78247f2812dcf9c7274e38cd801820ca6dd9fe63bcfb0eb4/pydantic_core-2.46.4-cp311-cp311-musllinux_1_1_armv7l.whl", hash = "sha256:18e5ceec2ab67e6d5f1a9085e5a24c9c4e2ac4545730bfe668680bca05e555f3", size = 2317139, upload-time = "2026-05-06T13:37:15.539Z" },
    { url = "https://files.pythonhosted.org/packages/d9/37/f913f81a657c865b75da6c0dbed79876073c2a43b5bd9edbe8da785e4d49/pydantic_core-2.46.4-cp311-cp311-musllinux_1_1_x86_64.whl", hash = "sha256:a0f62d0a58f4e7da165457e995725421e0064f2255d8eccebc49f41bbc23b109", size = 2360433, upload-time = "2026-05-06T13:37:30.099Z" },
    { url = "https://files.pythonhosted.org/packages/c4/67/6acaa1be2567f9256b056d8477158cac7240813956ce86e49deae8e173b4/pydantic_core-2.46.4-cp311-cp311-win32.whl", hash = "sha256:041bde0a48fd37cf71cab1c9d56d3e8625a3793fef1f7dd232b3ff37e978ecda", size = 1985513, upload-time = "2026-05-06T13:38:15.669Z" },
    { url = "https://files.pythonhosted.org/packages/aa/e6/c505f83dfeda9a2e5c995cfd872949e4d05e12f7feb3dca72f633daefa94/pydantic_core-2.46.4-cp311-cp311-win_amd64.whl", hash = "sha256:6f2eeda33a839975441c86a4119e1383c50b47faf0cbb5176985565c6bb02c33", size = 2071114, upload-time = "2026-05-06T13:40:35.416Z" },
    { url = "https://files.pythonhosted.org/packages/0f/da/7a263a96d965d9d0df5e8de8a475f33495451117035b09acb110288c381f/pydantic_core-2.46.4-cp311-cp311-win_arm64.whl", hash = "sha256:14f4c5d6db102bd796a627bbb3a17b4cf4574b9ae861d8b7c9a9661c6dd3362d", size = 2044298, upload-time = "2026-05-06T13:38:29.754Z" },
    { url = "https://files.pythonhosted.org/packages/ee/a4/73995fd4ebbb46ba0ee51e6fa049b8f02c40daebb762208feda8a6b7894d/pydantic_core-2.46.4-graalpy311-graalpy242_311_native-macosx_10_12_x86_64.whl", hash = "sha256:14d4edf427bdcf950a8a02d7cb44a08614388dd6e1bdcbf4f67504fa7887da9c", size = 2111589, upload-time = "2026-05-06T13:37:10.817Z" },
    { url = "https://files.pythonhosted.org/packages/fb/7f/f37d3a5e8bfcc2e403f5c57a730f2d815693fb42119e8ea48b3789335af1/pydantic_core-2.46.4-graalpy311-graalpy242_311_native-macosx_11_0_arm64.whl", hash = "sha256:0ce40cd7b21210e99342afafbd4d0f76d784eb5b1d60f3bdc566be4983c6c73b", size = 1944552, upload-time = "2026-05-06T13:36:56.717Z" },
    { url = "https://files.pythonhosted.org/packages/15/3c/d7eb777b3ff43e8433a4efb39a17aa8fd98a4ee8561a24a67ef5db07b2d6/pydantic_core-2.46.4-graalpy311-graalpy242_311_native-manylinux_2_17_aarch64.manylinux2014_aarch64.whl", hash = "sha256:90884113d8b48f760e9587002789ddd741e76ab9f89518cd1e43b1f1a52ec44b", size = 1982984, upload-time = "2026-05-06T13:39:06.207Z" },
    { url = "https://files.pythonhosted.org/packages/63/87/70b9f40170a81afd55ca26c9b2acb25c20d64bcfbf888fafecb3ba077d4c/pydantic_core-2.46.4-graalpy311-graalpy242_311_native-manylinux_2_17_x86_64.manylinux2014_x86_64.whl", hash = "sha256:66ce7632c22d837c95301830e111ad0128a32b8207533b60896a96c4915192ea", size = 2138417, upload-time = "2026-05-06T13:39:45.476Z" },
    { url = "https://files.pythonhosted.org/packages/11/cb/428de0385b6c8d44b716feba566abfacfbd23ee3c4439faa789a1456242f/pydantic_core-2.46.4-pp311-pypy311_pp73-macosx_10_12_x86_64.whl", hash = "sha256:0c563b08bca408dc7f65f700633d8442fffb2421fc47b8101377e9fd65051ff0", size = 2112782, upload-time = "2026-05-06T13:37:04.016Z" },
    { url = "https://files.pythonhosted.org/packages/0b/b5/6a17bdadd0fc1f170adfd05a20d37c832f52b117b4d9131da1f41bb097ce/pydantic_core-2.46.4-pp311-pypy311_pp73-macosx_11_0_arm64.whl", hash = "sha256:db06ffe51636ffe9ca531fe9023dd64bdd794be8754cb5df57c5498ae5b518a7", size = 1952146, upload-time = "2026-05-06T13:39:43.092Z" },
    { url = "https://files.pythonhosted.org/packages/2a/dc/03734d80e362cd43ef65428e9de77c730ce7f2f11c60d2b1e1b39f0fbf99/pydantic_core-2.46.4-pp311-pypy311_pp73-manylinux_2_17_x86_64.manylinux2014_x86_64.whl", hash = "sha256:133878133d271ade3d41d1bfb2a45ec38dbdbda40bc065921c6b04e4630127e2", size = 2134492, upload-time = "2026-05-06T13:36:58.124Z" },
    { url = "https://files.pythonhosted.org/packages/de/df/5e5ffc085ed07cc22d298134d3d911c63e91f6a0eb91fe646750a3209910/pydantic_core-2.46.4-pp311-pypy311_pp73-manylinux_2_5_i686.manylinux1_i686.whl", hash = "sha256:9bc519fbf2b7578398853d815009ae5e4d4603d12f4e3f91da8c06852d3da3e9", size = 2156604, upload-time = "2026-05-06T13:37:49.88Z" },
    { url = "https://files.pythonhosted.org/packages/81/44/6e112a4253e56f5705467cbab7ab5e91ee7398ba3d56d358635958893d3e/pydantic_core-2.46.4-pp311-pypy311_pp73-musllinux_1_1_aarch64.whl", hash = "sha256:c7a7bd4e39e8e4c12c39cd480356842b6a8a06e41b23a55a5e3e191718838ddf", size = 2183828, upload-time = "2026-05-06T13:37:43.053Z" },
    { url = "https://files.pythonhosted.org/packages/ac/ad/5565071e937d8e752842ac241463944c9eb14c87e2d269f2658a5bd05e98/pydantic_core-2.46.4-pp311-pypy311_pp73-musllinux_1_1_armv7l.whl", hash = "sha256:d396ec2b979760aaf3218e76c24e65bd0aca24983298653b3a9d7a45f9e47b30", size = 2310000, upload-time = "2026-05-06T13:37:56.694Z" },
    { url = "https://files.pythonhosted.org/packages/4f/c3/66883a5cec183e7fba4d024b4cbbe61851a63750ef606b0afecc46d1f2bf/pydantic_core-2.46.4-pp311-pypy311_pp73-musllinux_1_1_x86_64.whl", hash = "sha256:86e1a4418c6cd97d60c95c71164158eaf7324fae7b0923264016baa993eba6fc", size = 2361286, upload-time = "2026-05-06T13:40:05.667Z" },
    { url = "https://files.pythonhosted.org/packages/4b/2d/69abac8f838090bbecd5df894befb2c2619e7996a98ddb949db9f3b93225/pydantic_core-2.46.4-pp311-pypy311_pp73-win_amd64.whl", hash = "sha256:d51026d73fcfd93610abc7b27789c26b313920fcfb20e27462d74a7f8b06e983", size = 2193071, upload-time = "2026-05-06T13:38:08.682Z" },
]

[[package]]
name = "pygments"
version = "2.21.0"
source = { registry = "https://pypi.org/simple" }
sdist = { url = "https://files.pythonhosted.org/packages/49/2e/ced460408999b33da6b31b0021b0f37d329e202d4169aeb164493778f25b/pygments-2.21.0.tar.gz", hash = "sha256:610ca751c9bc2492b38eb9a38a7fbc93edbbb2d7182edaf34e66ae493dee5c8c", size = 5005329, upload-time = "2026-08-17T08:02:48.824Z" }
wheels = [
    { url = "https://files.pythonhosted.org/packages/71/46/17f022dd3e953bf20a04a028a21ec746d942f8d2af30fa0f124fa0e6a684/pygments-2.21.0-py3-none-any.whl", hash = "sha256:2363c69b61c4a97c838da3b130dcd6468f4848992b21a82f2a63ec34377137d9", size = 1250147, upload-time = "2026-08-17T08:02:44.912Z" },
]

[[package]]
name = "pytest"
version = "9.1.1"
source = { registry = "https://pypi.org/simple" }
dependencies = [
    { name = "colorama", marker = "sys_platform == 'win32'" },
    { name = "iniconfig" },
    { name = "packaging" },
    { name = "pluggy" },
    { name = "pygments" },
]
sdist = { url = "https://files.pythonhosted.org/packages/e4/47/b9efed96c114afcfa3c9d3fe98a76a1d14c74a9e266d397cf6eb64be5e01/pytest-9.1.1.tar.gz", hash = "sha256:1088fbde8f2b49d95a549a195707afa7a76a3ce9bcadc26b6d71f0ffda5fe313", size = 1636369, upload-time = "2026-06-19T10:58:32.857Z" }
wheels = [
    { url = "https://files.pythonhosted.org/packages/24/25/1de2678b631f5a49215c6c96fff41ba892b0a34df68d6d80292b1b48aa7f/pytest-9.1.1-py3-none-any.whl", hash = "sha256:37a86b45efb9a47a61a36449063e8e18d0cab3161329fc099eb21783169c4f0c", size = 386536, upload-time = "2026-06-19T10:58:31.347Z" },
]

[[package]]
name = "python-dotenv"
version = "1.2.3"
source = { registry = "https://pypi.org/simple" }
sdist = { url = "https://files.pythonhosted.org/packages/6a/53/ed9d74092561d4b01a2ef1349d52cdbc135e526c245f366b089cfca6de49/python_dotenv-1.2.3.tar.gz", hash = "sha256:a20a594dabeaa385725aa239d5244871c143ecb356add8a20fcf23773a6c3a35", size = 58945, upload-time = "2026-08-16T16:54:54.067Z" }
wheels = [
    { url = "https://files.pythonhosted.org/packages/0d/17/c5c6b53ddc18f297992099b3d9ec16c855c0ccc83263a21fe4d1c625ec6c/python_dotenv-1.2.3-py3-none-any.whl", hash = "sha256:904552145e8bfed22162c09dab1c2b9b54fefa7b23ba780f4f26ca0316b0f0d9", size = 22780, upload-time = "2026-08-16T16:54:52.473Z" },
]

[[package]]
name = "sniffio"
version = "1.3.1"
source = { registry = "https://pypi.org/simple" }
sdist = { url = "https://files.pythonhosted.org/packages/a2/87/a6771e1546d97e7e041b6ae58d80074f81b7d5121207425c964ddf5cfdbd/sniffio-1.3.1.tar.gz", hash = "sha256:f4324edc670a0f49750a81b895f35c3adb843cca46f0530f79fc1babb23789dc", size = 20372, upload-time = "2024-02-25T23:20:04.057Z" }
wheels = [
    { url = "https://files.pythonhosted.org/packages/e9/44/75a9c9421471a6c4805dbf2356f7c181a29c1879239abab1ea2cc8f38b40/sniffio-1.3.1-py3-none-any.whl", hash = "sha256:2f6da418d1f1e0fddd844478f41680e794e6051915791a034ff65e5f100525a2", size = 10235, upload-time = "2024-02-25T23:20:01.196Z" },
]

[[package]]
name = "truststore"
version = "0.10.4"
source = { registry = "https://pypi.org/simple" }
sdist = { url = "https://files.pythonhosted.org/packages/53/a3/1585216310e344e8102c22482f6060c7a6ea0322b63e026372e6dcefcfd6/truststore-0.10.4.tar.gz", hash = "sha256:9d91bd436463ad5e4ee4aba766628dd6cd7010cf3e2461756b3303710eebc301", size = 26169, upload-time = "2025-08-12T18:49:02.73Z" }
wheels = [
    { url = "https://files.pythonhosted.org/packages/19/97/56608b2249fe206a67cd573bc93cd9896e1efb9e98bce9c163bcdc704b88/truststore-0.10.4-py3-none-any.whl", hash = "sha256:adaeaecf1cbb5f4de3b1959b42d41f6fab57b2b1666adb59e89cb0b53361d981", size = 18660, upload-time = "2025-08-12T18:49:01.46Z" },
]

[[package]]
name = "typing-extensions"
version = "4.16.0"
source = { registry = "https://pypi.org/simple" }
sdist = { url = "https://files.pythonhosted.org/packages/f6/cc/6253133b5bb138fc3306cebfbda2c520f545d36b5be2c7255cc528bb45d6/typing_extensions-4.16.0.tar.gz", hash = "sha256:dc983d19a509c94dba722ee6abd33940f7c05a89e243c47e907eb4db6f1a43e5", size = 113555, upload-time = "2026-07-02T08:40:05.92Z" }
wheels = [
    { url = "https://files.pythonhosted.org/packages/49/d3/b8441a820a491ddfc024b0b0cf0393375b75ea13866d9c66727e54c2fc80/typing_extensions-4.16.0-py3-none-any.whl", hash = "sha256:481caa481374e813c1b176ada14e97f1f67a4539ce9cfeb3f350d78d6370c2e8", size = 45571, upload-time = "2026-07-02T08:40:04.659Z" },
]

[[package]]
name = "typing-inspection"
version = "0.4.4"
source = { registry = "https://pypi.org/simple" }
dependencies = [
    { name = "typing-extensions" },
]
sdist = { url = "https://files.pythonhosted.org/packages/a3/26/b09b8010994eccc3c09092e6b34058f36a460eea2d4c3e8b910c695975a0/typing_inspection-0.4.4.tar.gz", hash = "sha256:547274fa6b0a561ccf549cc9524b999a578e737d015d8709d021f9d0d13bea47", size = 76928, upload-time = "2026-08-12T12:37:25.997Z" }
wheels = [
    { url = "https://files.pythonhosted.org/packages/67/81/4add07e5172b7ac40d8ed5ff580409a7801a4fe26d529bdd915401dabfbe/typing_inspection-0.4.4-py3-none-any.whl", hash = "sha256:65b8397ba37ccbce054456aaccddfc91e6e3083c92824df348d96ca832f3f147", size = 14750, upload-time = "2026-08-12T12:37:24.648Z" },
]
